# This file is automatically @generated by Cargo.
# It is not intended for manual editing.
[[package]]
name = "caprice"
version = "0.1.0"
dependencies = [
 "crossterm 0.10.1 (git+https://github.com/TimonPost/crossterm.git)",
 "exitcode 1.1.2 (registry+https://github.com/rust-lang/crates.io-index)",
]

[[package]]
name = "crossterm"
version = "0.10.1"
source = "git+https://github.com/TimonPost/crossterm.git#3b444d077f43de7340e2f060d820399368e6915b"
dependencies = [
 "crossterm_cursor 0.2.5 (git+https://github.com/TimonPost/crossterm.git)",
 "crossterm_input 0.3.8 (git+https://github.com/TimonPost/crossterm.git)",
 "crossterm_screen 0.2.4 (git+https://github.com/TimonPost/crossterm.git)",
 "crossterm_style 0.4.0 (git+https://github.com/TimonPost/crossterm.git)",
 "crossterm_terminal 0.2.5 (git+https://github.com/TimonPost/crossterm.git)",
 "crossterm_utils 0.2.4 (git+https://github.com/TimonPost/crossterm.git)",
]

[[package]]
name = "crossterm_cursor"
version = "0.2.5"
source = "git+https://github.com/TimonPost/crossterm.git#3b444d077f43de7340e2f060d820399368e6915b"
dependencies = [
 "crossterm_utils 0.2.4 (git+https://github.com/TimonPost/crossterm.git)",
 "crossterm_winapi 0.1.5 (git+https://github.com/TimonPost/crossterm.git)",
 "winapi 0.3.7 (registry+https://github.com/rust-lang/crates.io-index)",
]

[[package]]
name = "crossterm_input"
version = "0.3.8"
source = "git+https://github.com/TimonPost/crossterm.git#3b444d077f43de7340e2f060d820399368e6915b"
dependencies = [
 "crossterm_screen 0.2.4 (git+https://github.com/TimonPost/crossterm.git)",
 "crossterm_utils 0.2.4 (git+https://github.com/TimonPost/crossterm.git)",
 "crossterm_winapi 0.1.5 (git+https://github.com/TimonPost/crossterm.git)",
 "libc 0.2.62 (registry+https://github.com/rust-lang/crates.io-index)",
 "winapi 0.3.7 (registry+https://github.com/rust-lang/crates.io-index)",
]

[[package]]
name = "crossterm_screen"
version = "0.2.4"
source = "git+https://github.com/TimonPost/crossterm.git#3b444d077f43de7340e2f060d820399368e6915b"
dependencies = [
 "crossterm_utils 0.2.4 (git+https://github.com/TimonPost/crossterm.git)",
 "crossterm_winapi 0.1.5 (git+https://github.com/TimonPost/crossterm.git)",
 "winapi 0.3.7 (registry+https://github.com/rust-lang/crates.io-index)",
]

[[package]]
name = "crossterm_style"
version = "0.4.0"
source = "git+https://github.com/TimonPost/crossterm.git#3b444d077f43de7340e2f060d820399368e6915b"
dependencies = [
 "crossterm_utils 0.2.4 (git+https://github.com/TimonPost/crossterm.git)",
 "crossterm_winapi 0.1.5 (git+https://github.com/TimonPost/crossterm.git)",
 "winapi 0.3.7 (registry+https://github.com/rust-lang/crates.io-index)",
]

[[package]]
name = "crossterm_terminal"
version = "0.2.5"
source = "git+https://github.com/TimonPost/crossterm.git#3b444d077f43de7340e2f060d820399368e6915b"
dependencies = [
 "crossterm_cursor 0.2.5 (git+https://github.com/TimonPost/crossterm.git)",
 "crossterm_utils 0.2.4 (git+https://github.com/TimonPost/crossterm.git)",
 "crossterm_winapi 0.1.5 (git+https://github.com/TimonPost/crossterm.git)",
 "libc 0.2.62 (registry+https://github.com/rust-lang/crates.io-index)",
]

[[package]]
name = "crossterm_utils"
version = "0.2.4"
source = "git+https://github.com/TimonPost/crossterm.git#3b444d077f43de7340e2f060d820399368e6915b"
dependencies = [
 "crossterm_winapi 0.1.5 (git+https://github.com/TimonPost/crossterm.git)",
 "libc 0.2.62 (registry+https://github.com/rust-lang/crates.io-index)",
 "winapi 0.3.7 (registry+https://github.com/rust-lang/crates.io-index)",
]

[[package]]
name = "crossterm_winapi"
version = "0.1.5"
source = "git+https://github.com/TimonPost/crossterm.git#3b444d077f43de7340e2f060d820399368e6915b"
dependencies = [
 "winapi 0.3.7 (registry+https://github.com/rust-lang/crates.io-index)",
]

[[package]]
name = "exitcode"
version = "1.1.2"
source = "registry+https://github.com/rust-lang/crates.io-index"

[[package]]
name = "libc"
version = "0.2.62"
source = "registry+https://github.com/rust-lang/crates.io-index"

[[package]]
name = "winapi"
version = "0.3.7"
source = "registry+https://github.com/rust-lang/crates.io-index"
dependencies = [
 "winapi-i686-pc-windows-gnu 0.4.0 (registry+https://github.com/rust-lang/crates.io-index)",
 "winapi-x86_64-pc-windows-gnu 0.4.0 (registry+https://github.com/rust-lang/crates.io-index)",
]

[[package]]
name = "winapi-i686-pc-windows-gnu"
version = "0.4.0"
source = "registry+https://github.com/rust-lang/crates.io-index"

[[package]]
name = "winapi-x86_64-pc-windows-gnu"
version = "0.4.0"
source = "registry+https://github.com/rust-lang/crates.io-index"

[metadata]
"checksum crossterm 0.10.1 (git+https://github.com/TimonPost/crossterm.git)" = "<none>"
"checksum crossterm_cursor 0.2.5 (git+https://github.com/TimonPost/crossterm.git)" = "<none>"
"checksum crossterm_input 0.3.8 (git+https://github.com/TimonPost/crossterm.git)" = "<none>"
"checksum crossterm_screen 0.2.4 (git+https://github.com/TimonPost/crossterm.git)" = "<none>"
"checksum crossterm_style 0.4.0 (git+https://github.com/TimonPost/crossterm.git)" = "<none>"
"checksum crossterm_terminal 0.2.5 (git+https://github.com/TimonPost/crossterm.git)" = "<none>"
"checksum crossterm_utils 0.2.4 (git+https://github.com/TimonPost/crossterm.git)" = "<none>"
"checksum crossterm_winapi 0.1.5 (git+https://github.com/TimonPost/crossterm.git)" = "<none>"
"checksum exitcode 1.1.2 (registry+https://github.com/rust-lang/crates.io-index)" = "de853764b47027c2e862a995c34978ffa63c1501f2e15f987ba11bd4f9bba193"
"checksum libc 0.2.62 (registry+https://github.com/rust-lang/crates.io-index)" = "34fcd2c08d2f832f376f4173a231990fa5aef4e99fb569867318a227ef4c06ba"
"checksum winapi 0.3.7 (registry+https://github.com/rust-lang/crates.io-index)" = "f10e386af2b13e47c89e7236a7a14a086791a2b88ebad6df9bf42040195cf770"
"checksum winapi-i686-pc-windows-gnu 0.4.0 (registry+https://github.com/rust-lang/crates.io-index)" = "ac3b87c63620426dd9b991e5ce0329eff545bccbbb34f3be09ff6fb6ab51b7b6"
"checksum winapi-x86_64-pc-windows-gnu 0.4.0 (registry+https://github.com/rust-lang/crates.io-index)" = "712e227841d057c1ee1cd2fb22fa7e5a5461ae8e48fa2ca79ec42cfc1931183f"
